
Microsoft Visual Studio Solution File, Format Version 12.00
# Visual Studio 15
VisualStudioVersion = 15.0.28307.421
MinimumVisualStudioVersion = 10.0.40219.1
Project("{888888A0-9F3D-457C-B088-3A5042F75D52}") = "VoiceIDE21", "VoiceIDE21.pyproj", "{4A78627F-7912-488B-9530-256C9F4BA432}"
EndProject
Global
	GlobalSection(SolutionConfigurationPlatforms) = preSolution
		Debug|Any CPU = Debug|Any CPU
		Release|Any CPU = Release|Any CPU
	EndGlobalSection
	GlobalSection(ProjectConfigurationPlatforms) = postSolution
		{4A78627F-7912-488B-9530-256C9F4BA432}.Debug|Any CPU.ActiveCfg = Debug|Any CPU
		{4A78627F-7912-488B-9530-256C9F4BA432}.Release|Any CPU.ActiveCfg = Release|Any CPU
	EndGlobalSection
	GlobalSection(SolutionProperties) = preSolution
		HideSolutionNode = FALSE
	EndGlobalSection
	GlobalSection(ExtensibilityGlobals) = postSolution
		SolutionGuid = {1AF2B38F-5A1F-493F-B093-E73EB92738B5}
	EndGlobalSection
EndGlobal
